
Microsoft Visual Studio Solution File, Format Version 12.00
# Visual Studio 15
VisualStudioVersion = 15.0.28307.902
MinimumVisualStudioVersion = 10.0.40219.1
Project("{FAE04EC0-301F-11D3-BF4B-00C04F79EFBC}") = "MSConvertToBGMS", "MZConvertToBGMS\MSConvertToBGMS.csproj", "{B0003002-B2F0-4C6E-B66F-350E34DDC385}"
EndProject
Global
	GlobalSection(SolutionConfigurationPlatforms) = preSolution
		Debug|Any CPU = Debug|Any CPU
		Release|Any CPU = Release|Any CPU
	EndGlobalSection
	GlobalSection(ProjectConfigurationPlatforms) = postSolution
		{B0003002-B2F0-4C6E-B66F-350E34DDC385}.Debug|Any CPU.ActiveCfg = Debug|Any CPU
		{B0003002-B2F0-4C6E-B66F-350E34DDC385}.Debug|Any CPU.Build.0 = Debug|Any CPU
		{B0003002-B2F0-4C6E-B66F-350E34DDC385}.Release|Any CPU.ActiveCfg = Release|Any CPU
		{B0003002-B2F0-4C6E-B66F-350E34DDC385}.Release|Any CPU.Build.0 = Release|Any CPU
	EndGlobalSection
	GlobalSection(SolutionProperties) = preSolution
		HideSolutionNode = FALSE
	EndGlobalSection
	GlobalSection(ExtensibilityGlobals) = postSolution
		SolutionGuid = {B20DE9E0-4EA0-4B3D-AC63-6F49A5CDDABD}
	EndGlobalSection
EndGlobal
